# This file is autogenerated, do not edit; changes may be undone by the next 'dep ensure'.


[[projects]]
  branch = "master"
  name = "github.com/NonerKao/color-aware-tabwriter"
  packages = ["."]
  revision = "aa1eec33dba09895cad8bfeb7cdfa355e44c1e22"

[[projects]]
  name = "github.com/davecgh/go-spew"
  packages = ["spew"]
  revision = "346938d642f2ec3594ed81d874461961cd0faa76"
  version = "v1.1.0"

[[projects]]
  name = "github.com/fatih/color"
  packages = ["."]
  revision = "533cd7fd8a85905f67a1753afb4deddc85ea174f"

[[projects]]
  name = "github.com/gammons/todolist"
  packages = ["todolist"]
  revision = "ffb472f7d84952228dd244f4911806f0e6a31e77"
  version = "0.8"

[[projects]]
  name = "github.com/julienschmidt/httprouter"
  packages = ["."]
  revision = "6aacfd5ab513e34f7e64ea9627ab9670371b34e7"

[[projects]]
  name = "github.com/mattn/go-colorable"
  packages = ["."]
  revision = "167de6bfdfba052fa6b2d3664c8f5272e23c9072"
  version = "v0.0.9"

[[projects]]
  name = "github.com/mattn/go-isatty"
  packages = ["."]
  revision = "0360b2af4f38e8d38c7fce2a9f4e702702d73a39"
  version = "v0.0.3"

[[projects]]
  name = "github.com/pmezard/go-difflib"
  packages = ["difflib"]
  revision = "792786c7400a136282c1664665ae0a8db921c6c2"
  version = "v1.0.0"

[[projects]]
  branch = "master"
  name = "github.com/skratchdot/open-golang"
  packages = ["open"]
  revision = "75fb7ed4208cf72d323d7d02fd1a5964a7a9073c"

[[projects]]
  name = "github.com/stretchr/testify"
  packages = ["assert"]
  revision = "c5d7a69bf8a2c9c374798160849c071093e41dd1"

[[projects]]
  name = "golang.org/x/sys"
  packages = ["unix"]
  revision = "f64b50fbea64174967a8882830d621a18ee1548e"

[solve-meta]
  analyzer-name = "dep"
  analyzer-version = 1
  inputs-digest = "93f9e57b200eaea61add605b156aac47369b7fefb783777c7013bd084c5ef692"
  solver-name = "gps-cdcl"
  solver-version = 1
